title: Deployment AppX Package Was Blocked By AppLocker
id: 6ae53108-c3a0-4bee-8f45-c7591a2c337f
status: test
description: Detects an appx package deployment that was blocked by AppLocker policy.
references:
- https://learn.microsoft.com/en-us/windows/win32/appxpkg/troubleshooting
- https://github.com/nasbench/EVTX-ETW-Resources/blob/7a806a148b3d9d381193d4a80356016e6e8b1ee8/ETWEventsList/CSV/Windows11/22H2/W11_22H2_Pro_20220920_22621.382/Providers/Microsoft-Windows-AppXDeployment-Server.csv
author: frack113
date: 2023-01-11
tags:
- attack.defense-evasion
logsource:
  product: windows
  service: appxdeployment-server
detection:
  selection:
    EventID: 412
  condition: selection
falsepositives:
- Unlikely, since this event notifies about blocked application deployment. Tune your
  applocker rules to avoid blocking legitimate applications.
level: medium
note: |
  ### Technical Context
  This rule detects instances where the deployment of an AppX package is blocked by AppLocker policy on Windows systems. AppLocker is a security feature that restricts which applications and files users can run, based on attributes such as the file's publisher or path. When a deployment is blocked, it may indicate an attempt to execute an unapproved application, potentially signaling the presence of malicious activity.

  The likely attacker objective in this scenario is to deploy unauthorized software, including malware or potentially unwanted programs (PUPs), aiming to establish persistence, escalate privileges, or evade detection. Detecting blocked AppX package deployments helps organizations maintain control over application usage and prevent the execution of harmful code.

  The relevant MITRE ATT&CK tactics include **Defense Evasion** (TA0005) utilizing techniques such as **Application Layer Protocol** (T1071). In the context of this rule, primary data sources include AppX deployment logs from the AppX Deployment Server, which capture events related to application installation and blocking.

  ### Investigation Steps
  - **Review AppLocker Logs:** Examine the AppX deployment logs specifically for Event ID 412, which indicates that a package deployment was blocked, and identify the user and process responsible for the request.
  - **Correlate with Process Creation Events:** Analyze process creation events around the time of the block to determine if there were any unusual or suspicious processes attempting to initiate AppX package deployments.
  - **Check for Recent Changes:** Investigate recent configuration changes to AppLocker policies that might have inadvertently resulted in legitimate applications being blocked, leading to a false positive.
  - **Identify User Activity:** Look into the user’s session activities that may link to the blocked deployment, including any prior installations or downloads from untrusted sources that could indicate malicious intent.

  ### Prioritization
  This alert is of medium severity as it indicates potential security evasion attempts, which can lead to the execution of unauthorized software. The likelihood of threat actors attempting to bypass controls makes this a relevant detection for proactive incident response.

  ### Blind Spots and Assumptions
  Detection coverage may be limited if AppLocker policies are not properly configured or if logging for AppX deployment events is disabled. The rule assumes that all legitimate applications are appropriately whitelisted. Furthermore, required logs include comprehensive AppX deployment logs, which must be enabled for this alert to function correctly. Missing or improperly configured logs could prevent detection of actual incidents and might lead to overlooked threats.

  > **Disclaimer:** This investigation guide was created using generative AI technology and has not been reviewed for its accuracy and relevance. While every effort has been made to ensure its quality, we recommend validating the content and adapting it to suit specific environments and operational needs. Please communicate any changes to the detection engineering team.
