title: Deployment Of The AppX Package Was Blocked By The Policy
id: e021bbb5-407f-41f5-9dc9-1864c45a7a51
status: test
description: |
  Detects an appx package deployment that was blocked by the local computer policy.
  The following events indicate that an AppX package deployment was blocked by a policy:
  - Event ID 441: The package deployment operation is blocked by the "Allow deployment operations in special profiles" policy
  - Event ID 442: Deployments to non-system volumes are blocked by the "Disable deployment of Windows Store apps to non-system volumes" policy."
  - Event ID 453: Package blocked by a platform policy.
  - Event ID 454: Package blocked by a platform policy.
references:
- https://learn.microsoft.com/en-us/windows/win32/appxpkg/troubleshooting
- https://github.com/nasbench/EVTX-ETW-Resources/blob/7a806a148b3d9d381193d4a80356016e6e8b1ee8/ETWEventsList/CSV/Windows11/22H2/W11_22H2_Pro_20220920_22621.382/Providers/Microsoft-Windows-AppXDeployment-Server.csv
author: frack113
date: 2023-01-11
tags:
- attack.defense-impairment
logsource:
  product: windows
  service: appxdeployment-server
detection:
  selection:
    EventID:
    - 441         # The package deployment operation is blocked by the "Allow deployment operations in special profiles" policy
    - 442         # Deployments to non-system volumes are blocked by the "Disable deployment of Windows Store apps to non-system volumes" policy."
    - 453         # Package blocked by a platform policy
    - 454         # Package blocked by a platform policy
  condition: selection
falsepositives:
- Unlikely, since this event notifies about blocked application deployment. Tune
  your applocker rules to avoid blocking legitimate applications.
level: medium
note: |
  ### Technical Context

  This Sigma rule detects instances where the deployment of an AppX package is blocked by specific local computer policies on a Windows system. The likely motive behind this action is to prevent the installation of unauthorized applications, which can serve to impair the organization's defenses by limiting software installation to trusted sources. This behavior aligns with the MITRE ATT&CK tactic of **Defense Evasion (T1562)** as attackers may attempt to manipulate application deployment channels.

  The primary telemetry sources include Windows Event Logs, specifically logs related to AppX deployment operations such as Event ID 441, 442, 453, and 454. The security impact of such blocked deployments could indicate an attempt to install malicious software or unauthorized applications, posing risks to the operating environment. This detection does NOT confirm that a malicious action occurred; it merely indicates that a deployment attempt was blocked, which could also result from legitimate policy enforcement.

  ### Investigation Steps

  - **Check Event Logs for Blocked Deployments:** Review Windows Security Event Logs for Event IDs 441, 442, 453, and 454. Look for detailed descriptions of the policy that blocked the installation, which can provide context for legitimate operations versus potential threats.

  - **Analyze Recent Package Deployment Activity:** Investigate the deployment history surrounding the timestamp of the block event. Look for AppX package name and publisher details in Event ID 453 or 454 to identify if the package is from a trusted source.

  - **Determine Host Role and Criticality:** If the alert is generated from a critical asset (e.g., a domain controller), escalate the investigation. Check if the package attempted is one that typically needs to be deployed in that context, as unusual package requests could indicate malicious activity.

  - **Identify Common Legitimate Use Cases:** Review historical logs of AppX deployments to understand what applications are regularly installed on that machine. Compare blocked events against known, regularly deployed applications to differentiate legitimate activity from potential threats.

  - **Correlate with Other Security Events:** Inspect related security events for associated activities, such as failed logins or other access attempts around the time of the block. This can provide context and determine if there may be broader suspicious activity associated with the package deployment attempt.

  ### Prioritization

  The alert is of medium severity as blocked application deployments can indicate attempts to exploit or undermine the security posture of the environment. The likelihood of malicious abuse is moderate, particularly if the packages are not recognized or expected within the organizational deployment policies. While blocked deployments may signify attempts at weaponization, unapproved applications may also represent legitimate administrative actions.

  ### Blind Spots and Assumptions

  Detection limitations include the possibility that attackers could use legitimate credentials to attempt package deployments that are subsequently blocked. Additionally, if logging for AppX deployment events is not properly configured or if logs are not retained for sufficient duration, visibility may be reduced. Legitimate activities, such as updates or policy changes by IT staff, could inadvertently trigger these alerts. To enhance coverage, consider companion detections for abnormal user behavior or deployment patterns that could indicate a coordinated attack.

  > **Disclaimer:** This investigation guide was created using generative AI technology and has not been reviewed for its accuracy and relevance. While every effort has been made to ensure its quality, we recommend validating the content and adapting it to suit specific environments and operational needs. Please communicate any changes to the detection engineering team.
