title: Deployment Of The AppX Package Was Blocked By The Policy
id: e021bbb5-407f-41f5-9dc9-1864c45a7a51
status: test
description: |
  Detects an appx package deployment that was blocked by the local computer policy.
  The following events indicate that an AppX package deployment was blocked by a policy:
  - Event ID 441: The package deployment operation is blocked by the "Allow deployment operations in special profiles" policy
  - Event ID 442: Deployments to non-system volumes are blocked by the "Disable deployment of Windows Store apps to non-system volumes" policy."
  - Event ID 453: Package blocked by a platform policy.
  - Event ID 454: Package blocked by a platform policy.
references:
- https://learn.microsoft.com/en-us/windows/win32/appxpkg/troubleshooting
- https://github.com/nasbench/EVTX-ETW-Resources/blob/7a806a148b3d9d381193d4a80356016e6e8b1ee8/ETWEventsList/CSV/Windows11/22H2/W11_22H2_Pro_20220920_22621.382/Providers/Microsoft-Windows-AppXDeployment-Server.csv
author: frack113
date: 2023-01-11
tags:
- attack.defense-evasion
logsource:
  product: windows
  service: appxdeployment-server
detection:
  selection:
    EventID:
    - 441         # The package deployment operation is blocked by the "Allow deployment operations in special profiles" policy
    - 442         # Deployments to non-system volumes are blocked by the "Disable deployment of Windows Store apps to non-system volumes" policy."
    - 453         # Package blocked by a platform policy
    - 454         # Package blocked by a platform policy
  condition: selection
falsepositives:
- Unlikely, since this event notifies about blocked application deployment. Tune your
  applocker rules to avoid blocking legitimate applications.
level: medium
note: |
  ### Technical Context
  This rule detects the blocking of AppX package deployments by local computer policies on Windows systems. The events in question indicate that attempts to install or deploy specific applications have been obstructed due to security settings configured on the machine. Attackers may attempt to deploy unauthorized or malicious applications within an enterprise environment to gain persistent access, escalate privileges, or exfiltrate sensitive information. Conversely, the detection of these blocks could also reflect legitimate administrative measures to protect the system from unauthorized software use.

  The relevant MITRE ATT&CK tactics and techniques include "Defense Evasion" (TA0005) as attackers may employ tactics that involve circumventing security measures (e.g., attempting to deploy malicious applications). The primary data sources that will provide the necessary evidence for these detections are AppX deployment logs, specifically events logged under the AppXDeployment-Server service pertaining to the events: 441, 442, 453, and 454.

  ### Investigation Steps
  - **Review Event Logs**: Check the system's Event Viewer for ID 441, 442, 453, and 454 in the AppXDeployment-Server logs to identify the exact policy blocks and the corresponding applications involved.
  - **Correlate with User Actions**: Investigate the user actions leading up to the blocked packages by analyzing process creation logs or specific user activity logs to determine if the user intended to deploy the packages intentionally.
  - **Assess Policy Configuration**: Examine local group policy settings that may influence application deployment to understand if the block is part of a broader security configuration or an individual error.
  - **Investigate Application Sources**: For additional context, identify the source of the AppX packages attempting deployment. Look for entries in your application whitelisting or visibility tools to confirm the legitimacy of the applications being blocked.

  ### Prioritization
  The severity of this alert is considered medium due to the potential for attackers to attempt deploying malicious applications, which could lead to compromised systems and data exfiltration. However, the likelihood may vary based on the organization's security posture and policy configuration.

  ### Blind Spots and Assumptions
  One potential gap in detection coverage is that legitimate users may trigger these events due to misconfigured policies or administrative actions, which may lead to false positives. The detection logic assumes that all blocked AppX deployments are of concern; thus, reviewing legitimate operational usage is vital. The alert relies on the availability of detailed AppXDeployment-Server event logs, and any systems lacking these logs or not configured to capture these events may result in missed detections.

  > **Disclaimer:** This investigation guide was created using generative AI technology and has not been reviewed for its accuracy and relevance. While every effort has been made to ensure its quality, we recommend validating the content and adapting it to suit specific environments and operational needs. Please communicate any changes to the detection engineering team.
